// !$*UTF8*$!
{
	archiveVersion = 1;
	classes = {
	};
	objectVersion = 50;
	objects = {

/* Begin PBXBuildFile section */
		839A23379600657D6564B785 /* Pods_imageSlider.framework in Frameworks */ = {isa = PBXBuildFile; fileRef = D9B166C1747F05BD030E83D7 /* Pods_imageSlider.framework */; };
		D1F7894B25278ED300E31BC6 /* AppDelegate.swift in Sources */ = {isa = PBXBuildFile; fileRef = D1F7894A25278ED300E31BC6 /* AppDelegate.swift */; };
		D1F7894D25278ED300E31BC6 /* SceneDelegate.swift in Sources */ = {isa = PBXBuildFile; fileRef = D1F7894C25278ED300E31BC6 /* SceneDelegate.swift */; };
		D1F7894F25278ED300E31BC6 /* ViewController.swift in Sources */ = {isa = PBXBuildFile; fileRef = D1F7894E25278ED300E31BC6 /* ViewController.swift */; };
		D1F7895225278ED300E31BC6 /* Main.storyboard in Resources */ = {isa = PBXBuildFile; fileRef = D1F7895025278ED300E31BC6 /* Main.storyboard */; };
		D1F7895425278ED500E31BC6 /* Assets.xcassets in Resources */ = {isa = PBXBuildFile; fileRef = D1F7895325278ED500E31BC6 /* Assets.xcassets */; };
		D1F7895725278ED500E31BC6 /* LaunchScreen.storyboard in Resources */ = {isa = PBXBuildFile; fileRef = D1F7895525278ED500E31BC6 /* LaunchScreen.storyboard */; };
/* End PBXBuildFile section */

/* Begin PBXFileReference section */
		04050A69CCAD863A27134672 /* Pods-imageSlider.release.xcconfig */ = {isa = PBXFileReference; includeInIndex = 1; lastKnownFileType = text.xcconfig; name = "Pods-imageSlider.release.xcconfig"; path = "Target Support Files/Pods-imageSlider/Pods-imageSlider.release.xcconfig"; sourceTree = "<group>"; };
		1327B78AE7952619A6DB2F3E /* Pods-imageSlider.debug.xcconfig */ = {isa = PBXFileReference; includeInIndex = 1; lastKnownFileType = text.xcconfig; name = "Pods-imageSlider.debug.xcconfig"; path = "Target Support Files/Pods-imageSlider/Pods-imageSlider.debug.xcconfig"; sourceTree = "<group>"; };
		D1F7894725278ED300E31BC6 /* imageSlider.app */ = {isa = PBXFileReference; explicitFileType = wrapper.application; includeInIndex = 0; path = imageSlider.app; sourceTree = BUILT_PRODUCTS_DIR; };
		D1F7894A25278ED300E31BC6 /* AppDelegate.swift */ = {isa = PBXFileReference; lastKnownFileType = sourcecode.swift; path = AppDelegate.swift; sourceTree = "<group>"; };
		D1F7894C25278ED300E31BC6 /* SceneDelegate.swift */ = {isa = PBXFileReference; lastKnownFileType = sourcecode.swift; path = SceneDelegate.swift; sourceTree = "<group>"; };
		D1F7894E25278ED300E31BC6 /* ViewController.swift */ = {isa = PBXFileReference; lastKnownFileType = sourcecode.swift; path = ViewController.swift; sourceTree = "<group>"; };
		D1F7895125278ED300E31BC6 /* Base */ = {isa = PBXFileReference; lastKnownFileType = file.storyboard; name = Base; path = Base.lproj/Main.storyboard; sourceTree = "<group>"; };
		D1F7895325278ED500E31BC6 /* Assets.xcassets */ = {isa = PBXFileReference; lastKnownFileType = folder.assetcatalog; path = Assets.xcassets; sourceTree = "<group>"; };
		D1F7895625278ED500E31BC6 /* Base */ = {isa = PBXFileReference; lastKnownFileType = file.storyboard; name = Base; path = Base.lproj/LaunchScreen.storyboard; sourceTree = "<group>"; };
		D1F7895825278ED500E31BC6 /* Info.plist */ = {isa = PBXFileReference; lastKnownFileType = text.plist.xml; path = Info.plist; sourceTree = "<group>"; };
		D9B166C1747F05BD030E83D7 /* Pods_imageSlider.framework */ = {isa = PBXFileReference; explicitFileType = wrapper.framework; includeInIndex = 0; path = Pods_imageSlider.framework; sourceTree = BUILT_PRODUCTS_DIR; };
/* End PBXFileReference section */

/* Begin PBXFrameworksBuildPhase section */
		D1F7894425278ED300E31BC6 /* Frameworks */ = {
			isa = PBXFrameworksBuildPhase;
			buildActionMask = 2147483647;
			files = (
				839A23379600657D6564B785 /* Pods_imageSlider.framework in Frameworks */,
			);
			runOnlyForDeploymentPostprocessing = 0;
		};
/* End PBXFrameworksBuildPhase section */

/* Begin PBXGroup section */
		9884B5E2C923FF69C6C9E728 /* Frameworks */ = {
			isa = PBXGroup;
			children = (
				D9B166C1747F05BD030E83D7 /* Pods_imageSlider.framework */,
			);
			name = Frameworks;
			sourceTree = "<group>";
		};
		D1A3B9BFD82AE10647D4AB11 /* Pods */ = {
			isa = PBXGroup;
			children = (
				1327B78AE7952619A6DB2F3E /* Pods-imageSlider.debug.xcconfig */,
				04050A69CCAD863A27134672 /* Pods-imageSlider.release.xcconfig */,
			);
			name = Pods;
			path = Pods;
			sourceTree = "<group>";
		};
		D1F7893E25278ED300E31BC6 = {
			isa = PBXGroup;
			children = (
				D1F7894925278ED300E31BC6 /* imageSlider */,
				D1F7894825278ED300E31BC6 /* Products */,
				D1A3B9BFD82AE10647D4AB11 /* Pods */,
				9884B5E2C923FF69C6C9E728 /* Frameworks */,
			);
			sourceTree = "<group>";
		};
		D1F7894825278ED300E31BC6 /* Products */ = {
			isa = PBXGroup;
			children = (
				D1F7894725278ED300E31BC6 /* imageSlider.app */,
			);
			name = Products;
			sourceTree = "<group>";
		};
		D1F7894925278ED300E31BC6 /* imageSlider */ = {
			isa = PBXGroup;
			children = (
				D1F7894A25278ED300E31BC6 /* AppDelegate.swift */,
				D1F7894C25278ED300E31BC6 /* SceneDelegate.swift */,
				D1F7894E25278ED300E31BC6 /* ViewController.swift */,
				D1F7895025278ED300E31BC6 /* Main.storyboard */,
				D1F7895325278ED500E31BC6 /* Assets.xcassets */,
				D1F7895525278ED500E31BC6 /* LaunchScreen.storyboard */,
				D1F7895825278ED500E31BC6 /* Info.plist */,
			);
			path = imageSlider;
			sourceTree = "<group>";
		};
/* End PBXGroup section */

/* Begin PBXNativeTarget section */
		D1F7894625278ED300E31BC6 /* imageSlider */ = {
			isa = PBXNativeTarget;
			buildConfigurationList = D1F7895B25278ED500E31BC6 /* Build configuration list for PBXNativeTarget "imageSlider" */;
			buildPhases = (
				F9973952890C03624CD28C78 /* [CP] Check Pods Manifest.lock */,
				D1F7894325278ED300E31BC6 /* Sources */,
				D1F7894425278ED300E31BC6 /* Frameworks */,
				D1F7894525278ED300E31BC6 /* Resources */,
				BE69D3DD872FBB8112028E3F /* [CP] Embed Pods Frameworks */,
			);
			buildRules = (
			);
			dependencies = (
			);
			name = imageSlider;
			productName = imageSlider;
			productReference = D1F7894725278ED300E31BC6 /* imageSlider.app */;
			productType = "com.apple.product-type.application";
		};
/* End PBXNativeTarget section */

/* Begin PBXProject section */
		D1F7893F25278ED300E31BC6 /* Project object */ = {
			isa = PBXProject;
			attributes = {
				LastSwiftUpdateCheck = 1200;
				LastUpgradeCheck = 1200;
				TargetAttributes = {
					D1F7894625278ED300E31BC6 = {
						CreatedOnToolsVersion = 12.0;
					};
				};
			};
			buildConfigurationList = D1F7894225278ED300E31BC6 /* Build configuration list for PBXProject "imageSlider" */;
			compatibilityVersion = "Xcode 9.3";
			developmentRegion = en;
			hasScannedForEncodings = 0;
			knownRegions = (
				en,
				Base,
			);
			mainGroup = D1F7893E25278ED300E31BC6;
			productRefGroup = D1F7894825278ED300E31BC6 /* Products */;
			projectDirPath = "";
			projectRoot = "";
			targets = (
				D1F7894625278ED300E31BC6 /* imageSlider */,
			);
		};
/* End PBXProject section */

/* Begin PBXResourcesBuildPhase section */
		D1F7894525278ED300E31BC6 /* Resources */ = {
			isa = PBXResourcesBuildPhase;
			buildActionMask = 2147483647;
			files = (
				D1F7895725278ED500E31BC6 /* LaunchScreen.storyboard in Resources */,
				D1F7895425278ED500E31BC6 /* Assets.xcassets in Resources */,
				D1F7895225278ED300E31BC6 /* Main.storyboard in Resources */,
			);
			runOnlyForDeploymentPostprocessing = 0;
		};
/* End PBXResourcesBuildPhase section */

/* Begin PBXShellScriptBuildPhase section */
		BE69D3DD872FBB8112028E3F /* [CP] Embed Pods Frameworks */ = {
			isa = PBXShellScriptBuildPhase;
			buildActionMask = 2147483647;
			files = (
			);
			inputFileListPaths = (
				"${PODS_ROOT}/Target Support Files/Pods-imageSlider/Pods-imageSlider-frameworks-${CONFIGURATION}-input-files.xcfilelist",
			);
			name = "[CP] Embed Pods Frameworks";
			outputFileListPaths = (
				"${PODS_ROOT}/Target Support Files/Pods-imageSlider/Pods-imageSlider-frameworks-${CONFIGURATION}-output-files.xcfilelist",
			);
			runOnlyForDeploymentPostprocessing = 0;
			shellPath = /bin/sh;
			shellScript = "\"${PODS_ROOT}/Target Support Files/Pods-imageSlider/Pods-imageSlider-frameworks.sh\"\n";
			showEnvVarsInLog = 0;
		};
		F9973952890C03624CD28C78 /* [CP] Check Pods Manifest.lock */ = {
			isa = PBXShellScriptBuildPhase;
			buildActionMask = 2147483647;
			files = (
			);
			inputFileListPaths = (
			);
			inputPaths = (
				"${PODS_PODFILE_DIR_PATH}/Podfile.lock",
				"${PODS_ROOT}/Manifest.lock",
			);
			name = "[CP] Check Pods Manifest.lock";
			outputFileListPaths = (
			);
			outputPaths = (
				"$(DERIVED_FILE_DIR)/Pods-imageSlider-checkManifestLockResult.txt",
			);
			runOnlyForDeploymentPostprocessing = 0;
			shellPath = /bin/sh;
			shellScript = "diff \"${PODS_PODFILE_DIR_PATH}/Podfile.lock\" \"${PODS_ROOT}/Manifest.lock\" > /dev/null\nif [ $? != 0 ] ; then\n    # print error to STDERR\n    echo \"error: The sandbox is not in sync with the Podfile.lock. Run 'pod install' or update your CocoaPods installation.\" >&2\n    exit 1\nfi\n# This output is used by Xcode 'outputs' to avoid re-running this script phase.\necho \"SUCCESS\" > \"${SCRIPT_OUTPUT_FILE_0}\"\n";
			showEnvVarsInLog = 0;
		};
/* End PBXShellScriptBuildPhase section */

/* Begin PBXSourcesBuildPhase section */
		D1F7894325278ED300E31BC6 /* Sources */ = {
			isa = PBXSourcesBuildPhase;
			buildActionMask = 2147483647;
			files = (
				D1F7894F25278ED300E31BC6 /* ViewController.swift in Sources */,
				D1F7894B25278ED300E31BC6 /* AppDelegate.swift in Sources */,
				D1F7894D25278ED300E31BC6 /* SceneDelegate.swift in Sources */,
			);
			runOnlyForDeploymentPostprocessing = 0;
		};
/* End PBXSourcesBuildPhase section */

/* Begin PBXVariantGroup section */
		D1F7895025278ED300E31BC6 /* Main.storyboard */ = {
			isa = PBXVariantGroup;
			children = (
				D1F7895125278ED300E31BC6 /* Base */,
			);
			name = Main.storyboard;
			sourceTree = "<group>";
		};
		D1F7895525278ED500E31BC6 /* LaunchScreen.storyboard */ = {
			isa = PBXVariantGroup;
			children = (
				D1F7895625278ED500E31BC6 /* Base */,
			);
			name = LaunchScreen.storyboard;
			sourceTree = "<group>";
		};
/* End PBXVariantGroup section */

/* Begin XCBuildConfiguration section */
		D1F7895925278ED500E31BC6 /* Debug */ = {
			isa = XCBuildConfiguration;
			buildSettings = {
				ALWAYS_SEARCH_USER_PATHS = NO;
				CLANG_ANALYZER_NONNULL = YES;
				CLANG_ANALYZER_NUMBER_OBJECT_CONVERSION = YES_AGGRESSIVE;
				CLANG_CXX_LANGUAGE_STANDARD = "gnu++14";
				CLANG_CXX_LIBRARY = "libc++";
				CLANG_ENABLE_MODULES = YES;
				CLANG_ENABLE_OBJC_ARC = YES;
				CLANG_ENABLE_OBJC_WEAK = YES;
				CLANG_WARN_BLOCK_CAPTURE_AUTORELEASING = YES;
				CLANG_WARN_BOOL_CONVERSION = YES;
				CLANG_WARN_COMMA = YES;
				CLANG_WARN_CONSTANT_CONVERSION = YES;
				CLANG_WARN_DEPRECATED_OBJC_IMPLEMENTATIONS = YES;
				CLANG_WARN_DIRECT_OBJC_ISA_USAGE = YES_ERROR;
				CLANG_WARN_DOCUMENTATION_COMMENTS = YES;
				CLANG_WARN_EMPTY_BODY = YES;
				CLANG_WARN_ENUM_CONVERSION = YES;
				CLANG_WARN_INFINITE_RECURSION = YES;
				CLANG_WARN_INT_CONVERSION = YES;
				CLANG_WARN_NON_LITERAL_NULL_CONVERSION = YES;
				CLANG_WARN_OBJC_IMPLICIT_RETAIN_SELF = YES;
				CLANG_WARN_OBJC_LITERAL_CONVERSION = YES;
				CLANG_WARN_OBJC_ROOT_CLASS = YES_ERROR;
				CLANG_WARN_QUOTED_INCLUDE_IN_FRAMEWORK_HEADER = YES;
				CLANG_WARN_RANGE_LOOP_ANALYSIS = YES;
				CLANG_WARN_STRICT_PROTOTYPES = YES;
				CLANG_WARN_SUSPICIOUS_MOVE = YES;
				CLANG_WARN_UNGUARDED_AVAILABILITY = YES_AGGRESSIVE;
				CLANG_WARN_UNREACHABLE_CODE = YES;
				CLANG_WARN__DUPLICATE_METHOD_MATCH = YES;
				COPY_PHASE_STRIP = NO;
				DEBUG_INFORMATION_FORMAT = dwarf;
				ENABLE_STRICT_OBJC_MSGSEND = YES;
				ENABLE_TESTABILITY = YES;
				GCC_C_LANGUAGE_STANDARD = gnu11;
				GCC_DYNAMIC_NO_PIC = NO;
				GCC_NO_COMMON_BLOCKS = YES;
				GCC_OPTIMIZATION_LEVEL = 0;
				GCC_PREPROCESSOR_DEFINITIONS = (
					"DEBUG=1",
					"$(inherited)",
				);
				GCC_WARN_64_TO_32_BIT_CONVERSION = YES;
				GCC_WARN_ABOUT_RETURN_TYPE = YES_ERROR;
				GCC_WARN_UNDECLARED_SELECTOR = YES;
				GCC_WARN_UNINITIALIZED_AUTOS = YES_AGGRESSIVE;
				GCC_WARN_UNUSED_FUNCTION = YES;
				GCC_WARN_UNUSED_VARIABLE = YES;
				IPHONEOS_DEPLOYMENT_TARGET = 14.0;
				MTL_ENABLE_DEBUG_INFO = INCLUDE_SOURCE;
				MTL_FAST_MATH = YES;
				ONLY_ACTIVE_ARCH = YES;
				SDKROOT = iphoneos;
				SWIFT_ACTIVE_COMPILATION_CONDITIONS = DEBUG;
				SWIFT_OPTIMIZATION_LEVEL = "-Onone";
			};
			name = Debug;
		};
		D1F7895A25278ED500E31BC6 /* Release */ = {
			isa = XCBuildConfiguration;
			buildSettings = {
				ALWAYS_SEARCH_USER_PATHS = NO;
				CLANG_ANALYZER_NONNULL = YES;
				CLANG_ANALYZER_NUMBER_OBJECT_CONVERSION = YES_AGGRESSIVE;
				CLANG_CXX_LANGUAGE_STANDARD = "gnu++14";
				CLANG_CXX_LIBRARY = "libc++";
				CLANG_ENABLE_MODULES = YES;
				CLANG_ENABLE_OBJC_ARC = YES;
				CLANG_ENABLE_OBJC_WEAK = YES;
				CLANG_WARN_BLOCK_CAPTURE_AUTORELEASING = YES;
				CLANG_WARN_BOOL_CONVERSION = YES;
				CLANG_WARN_COMMA = YES;
				CLANG_WARN_CONSTANT_CONVERSION = YES;
				CLANG_WARN_DEPRECATED_OBJC_IMPLEMENTATIONS = YES;
				CLANG_WARN_DIRECT_OBJC_ISA_USAGE = YES_ERROR;
				CLANG_WARN_DOCUMENTATION_COMMENTS = YES;
				CLANG_WARN_EMPTY_BODY = YES;
				CLANG_WARN_ENUM_CONVERSION = YES;
				CLANG_WARN_INFINITE_RECURSION = YES;
				CLANG_WARN_INT_CONVERSION = YES;
				CLANG_WARN_NON_LITERAL_NULL_CONVERSION = YES;
				CLANG_WARN_OBJC_IMPLICIT_RETAIN_SELF = YES;
				CLANG_WARN_OBJC_LITERAL_CONVERSION = YES;
				CLANG_WARN_OBJC_ROOT_CLASS = YES_ERROR;
				CLANG_WARN_QUOTED_INCLUDE_IN_FRAMEWORK_HEADER = YES;
				CLANG_WARN_RANGE_LOOP_ANALYSIS = YES;
				CLANG_WARN_STRICT_PROTOTYPES = YES;
				CLANG_WARN_SUSPICIOUS_MOVE = YES;
				CLANG_WARN_UNGUARDED_AVAILABILITY = YES_AGGRESSIVE;
				CLANG_WARN_UNREACHABLE_CODE = YES;
				CLANG_WARN__DUPLICATE_METHOD_MATCH = YES;
				COPY_PHASE_STRIP = NO;
				DEBUG_INFORMATION_FORMAT = "dwarf-with-dsym";
				ENABLE_NS_ASSERTIONS = NO;
				ENABLE_STRICT_OBJC_MSGSEND = YES;
				GCC_C_LANGUAGE_STANDARD = gnu11;
				GCC_NO_COMMON_BLOCKS = YES;
				GCC_WARN_64_TO_32_BIT_CONVERSION = YES;
				GCC_WARN_ABOUT_RETURN_TYPE = YES_ERROR;
				GCC_WARN_UNDECLARED_SELECTOR = YES;
				GCC_WARN_UNINITIALIZED_AUTOS = YES_AGGRESSIVE;
				GCC_WARN_UNUSED_FUNCTION = YES;
				GCC_WARN_UNUSED_VARIABLE = YES;
				IPHONEOS_DEPLOYMENT_TARGET = 14.0;
				MTL_ENABLE_DEBUG_INFO = NO;
				MTL_FAST_MATH = YES;
				SDKROOT = iphoneos;
				SWIFT_COMPILATION_MODE = wholemodule;
				SWIFT_OPTIMIZATION_LEVEL = "-O";
				VALIDATE_PRODUCT = YES;
			};
			name = Release;
		};
		D1F7895C25278ED500E31BC6 /* Debug */ = {
			isa = XCBuildConfiguration;
			baseConfigurationReference = 1327B78AE7952619A6DB2F3E /* Pods-imageSlider.debug.xcconfig */;
			buildSettings = {
				ASSETCATALOG_COMPILER_APPICON_NAME = AppIcon;
				ASSETCATALOG_COMPILER_GLOBAL_ACCENT_COLOR_NAME = AccentColor;
				CODE_SIGN_STYLE = Automatic;
				INFOPLIST_FILE = imageSlider/Info.plist;
				LD_RUNPATH_SEARCH_PATHS = (
					"$(inherited)",
					"@executable_path/Frameworks",
				);
				PRODUCT_BUNDLE_IDENTIFIER = com.soyounglee.imageSlider;
				PRODUCT_NAME = "$(TARGET_NAME)";
				SWIFT_VERSION = 5.0;
				TARGETED_DEVICE_FAMILY = "1,2";
			};
			name = Debug;
		};
		D1F7895D25278ED500E31BC6 /* Release */ = {
			isa = XCBuildConfiguration;
			baseConfigurationReference = 04050A69CCAD863A27134672 /* Pods-imageSlider.release.xcconfig */;
			buildSettings = {
				ASSETCATALOG_COMPILER_APPICON_NAME = AppIcon;
				ASSETCATALOG_COMPILER_GLOBAL_ACCENT_COLOR_NAME = AccentColor;
				CODE_SIGN_STYLE = Automatic;
				INFOPLIST_FILE = imageSlider/Info.plist;
				LD_RUNPATH_SEARCH_PATHS = (
					"$(inherited)",
					"@executable_path/Frameworks",
				);
				PRODUCT_BUNDLE_IDENTIFIER = com.soyounglee.imageSlider;
				PRODUCT_NAME = "$(TARGET_NAME)";
				SWIFT_VERSION = 5.0;
				TARGETED_DEVICE_FAMILY = "1,2";
			};
			name = Release;
		};
/* End XCBuildConfiguration section */

/* Begin XCConfigurationList section */
		D1F7894225278ED300E31BC6 /* Build configuration list for PBXProject "imageSlider" */ = {
			isa = XCConfigurationList;
			buildConfigurations = (
				D1F7895925278ED500E31BC6 /* Debug */,
				D1F7895A25278ED500E31BC6 /* Release */,
			);
			defaultConfigurationIsVisible = 0;
			defaultConfigurationName = Release;
		};
		D1F7895B25278ED500E31BC6 /* Build configuration list for PBXNativeTarget "imageSlider" */ = {
			isa = XCConfigurationList;
			buildConfigurations = (
				D1F7895C25278ED500E31BC6 /* Debug */,
				D1F7895D25278ED500E31BC6 /* Release */,
			);
			defaultConfigurationIsVisible = 0;
			defaultConfigurationName = Release;
		};
/* End XCConfigurationList section */
	};
	rootObject = D1F7893F25278ED300E31BC6 /* Project object */;
}
