// !$*UTF8*$!
{
	archiveVersion = 1;
	classes = {
	};
	objectVersion = 51;
	objects = {

/* Begin PBXBuildFile section */
		461543615D0E5EDAB45FAB84 /* Pods_Observable_Project.framework in Frameworks */ = {isa = PBXBuildFile; fileRef = 0A737219C0F0A426809BDC5B /* Pods_Observable_Project.framework */; };
		D109532F25497A2200A67BC0 /* AppDelegate.swift in Sources */ = {isa = PBXBuildFile; fileRef = D109532E25497A2200A67BC0 /* AppDelegate.swift */; };
		D109533125497A2200A67BC0 /* SceneDelegate.swift in Sources */ = {isa = PBXBuildFile; fileRef = D109533025497A2200A67BC0 /* SceneDelegate.swift */; };
		D109533325497A2200A67BC0 /* ViewController.swift in Sources */ = {isa = PBXBuildFile; fileRef = D109533225497A2200A67BC0 /* ViewController.swift */; };
		D109533625497A2200A67BC0 /* Main.storyboard in Resources */ = {isa = PBXBuildFile; fileRef = D109533425497A2200A67BC0 /* Main.storyboard */; };
		D109533825497A2300A67BC0 /* Assets.xcassets in Resources */ = {isa = PBXBuildFile; fileRef = D109533725497A2300A67BC0 /* Assets.xcassets */; };
		D109533B25497A2300A67BC0 /* LaunchScreen.storyboard in Resources */ = {isa = PBXBuildFile; fileRef = D109533925497A2300A67BC0 /* LaunchScreen.storyboard */; };
/* End PBXBuildFile section */

/* Begin PBXFileReference section */
		0A737219C0F0A426809BDC5B /* Pods_Observable_Project.framework */ = {isa = PBXFileReference; explicitFileType = wrapper.framework; includeInIndex = 0; path = Pods_Observable_Project.framework; sourceTree = BUILT_PRODUCTS_DIR; };
		0BDF698E4A173B4D49E60C39 /* Pods-Observable_Project.release.xcconfig */ = {isa = PBXFileReference; includeInIndex = 1; lastKnownFileType = text.xcconfig; name = "Pods-Observable_Project.release.xcconfig"; path = "Target Support Files/Pods-Observable_Project/Pods-Observable_Project.release.xcconfig"; sourceTree = "<group>"; };
		456E5ADFD9452C2F84962F2D /* Pods-Observable_Project.debug.xcconfig */ = {isa = PBXFileReference; includeInIndex = 1; lastKnownFileType = text.xcconfig; name = "Pods-Observable_Project.debug.xcconfig"; path = "Target Support Files/Pods-Observable_Project/Pods-Observable_Project.debug.xcconfig"; sourceTree = "<group>"; };
		D109532B25497A2200A67BC0 /* Observable_Project.app */ = {isa = PBXFileReference; explicitFileType = wrapper.application; includeInIndex = 0; path = Observable_Project.app; sourceTree = BUILT_PRODUCTS_DIR; };
		D109532E25497A2200A67BC0 /* AppDelegate.swift */ = {isa = PBXFileReference; lastKnownFileType = sourcecode.swift; path = AppDelegate.swift; sourceTree = "<group>"; };
		D109533025497A2200A67BC0 /* SceneDelegate.swift */ = {isa = PBXFileReference; lastKnownFileType = sourcecode.swift; path = SceneDelegate.swift; sourceTree = "<group>"; };
		D109533225497A2200A67BC0 /* ViewController.swift */ = {isa = PBXFileReference; lastKnownFileType = sourcecode.swift; path = ViewController.swift; sourceTree = "<group>"; };
		D109533525497A2200A67BC0 /* Base */ = {isa = PBXFileReference; lastKnownFileType = file.storyboard; name = Base; path = Base.lproj/Main.storyboard; sourceTree = "<group>"; };
		D109533725497A2300A67BC0 /* Assets.xcassets */ = {isa = PBXFileReference; lastKnownFileType = folder.assetcatalog; path = Assets.xcassets; sourceTree = "<group>"; };
		D109533A25497A2300A67BC0 /* Base */ = {isa = PBXFileReference; lastKnownFileType = file.storyboard; name = Base; path = Base.lproj/LaunchScreen.storyboard; sourceTree = "<group>"; };
		D109533C25497A2300A67BC0 /* Info.plist */ = {isa = PBXFileReference; lastKnownFileType = text.plist.xml; path = Info.plist; sourceTree = "<group>"; };
		D109534725497C3300A67BC0 /* MyPlayground.playground */ = {isa = PBXFileReference; lastKnownFileType = file.playground; path = MyPlayground.playground; sourceTree = "<group>"; xcLanguageSpecificationIdentifier = xcode.lang.swift; };
		D150804325528B830091F718 /* Subject_Practice.playground */ = {isa = PBXFileReference; lastKnownFileType = file.playground; path = Subject_Practice.playground; sourceTree = "<group>"; xcLanguageSpecificationIdentifier = xcode.lang.swift; };
		D150807C255424980091F718 /* Filter_Practice.playground */ = {isa = PBXFileReference; lastKnownFileType = file.playground; path = Filter_Practice.playground; sourceTree = "<group>"; xcLanguageSpecificationIdentifier = xcode.lang.swift; };
		D16B30E7256E3A3200C8207E /* Combining Operators.playground */ = {isa = PBXFileReference; lastKnownFileType = file.playground; path = "Combining Operators.playground"; sourceTree = "<group>"; xcLanguageSpecificationIdentifier = xcode.lang.swift; };
		D1D264C3256526040072F6B1 /* Transforming_Practice.playground */ = {isa = PBXFileReference; lastKnownFileType = file.playground; path = Transforming_Practice.playground; sourceTree = "<group>"; xcLanguageSpecificationIdentifier = xcode.lang.swift; };
/* End PBXFileReference section */

/* Begin PBXFrameworksBuildPhase section */
		D109532825497A2200A67BC0 /* Frameworks */ = {
			isa = PBXFrameworksBuildPhase;
			buildActionMask = 2147483647;
			files = (
				461543615D0E5EDAB45FAB84 /* Pods_Observable_Project.framework in Frameworks */,
			);
			runOnlyForDeploymentPostprocessing = 0;
		};
/* End PBXFrameworksBuildPhase section */

/* Begin PBXGroup section */
		669F09C0BA0EB710C8FC466F /* Frameworks */ = {
			isa = PBXGroup;
			children = (
				0A737219C0F0A426809BDC5B /* Pods_Observable_Project.framework */,
			);
			name = Frameworks;
			sourceTree = "<group>";
		};
		D109532225497A2200A67BC0 = {
			isa = PBXGroup;
			children = (
				D109532D25497A2200A67BC0 /* Observable_Project */,
				D109532C25497A2200A67BC0 /* Products */,
				E8D4A84C349DBE1B0AE105C2 /* Pods */,
				669F09C0BA0EB710C8FC466F /* Frameworks */,
			);
			sourceTree = "<group>";
		};
		D109532C25497A2200A67BC0 /* Products */ = {
			isa = PBXGroup;
			children = (
				D109532B25497A2200A67BC0 /* Observable_Project.app */,
			);
			name = Products;
			sourceTree = "<group>";
		};
		D109532D25497A2200A67BC0 /* Observable_Project */ = {
			isa = PBXGroup;
			children = (
				D150804225528B6E0091F718 /* New Group */,
				D109532E25497A2200A67BC0 /* AppDelegate.swift */,
				D109533025497A2200A67BC0 /* SceneDelegate.swift */,
				D109533225497A2200A67BC0 /* ViewController.swift */,
				D109533425497A2200A67BC0 /* Main.storyboard */,
				D109533725497A2300A67BC0 /* Assets.xcassets */,
				D109533925497A2300A67BC0 /* LaunchScreen.storyboard */,
				D109533C25497A2300A67BC0 /* Info.plist */,
				D109534725497C3300A67BC0 /* MyPlayground.playground */,
				D150804325528B830091F718 /* Subject_Practice.playground */,
				D150807C255424980091F718 /* Filter_Practice.playground */,
				D1D264C3256526040072F6B1 /* Transforming_Practice.playground */,
			);
			path = Observable_Project;
			sourceTree = "<group>";
		};
		D150804225528B6E0091F718 /* New Group */ = {
			isa = PBXGroup;
			children = (
				D16B30E7256E3A3200C8207E /* Combining Operators.playground */,
			);
			path = "New Group";
			sourceTree = "<group>";
		};
		E8D4A84C349DBE1B0AE105C2 /* Pods */ = {
			isa = PBXGroup;
			children = (
				456E5ADFD9452C2F84962F2D /* Pods-Observable_Project.debug.xcconfig */,
				0BDF698E4A173B4D49E60C39 /* Pods-Observable_Project.release.xcconfig */,
			);
			path = Pods;
			sourceTree = "<group>";
		};
/* End PBXGroup section */

/* Begin PBXNativeTarget section */
		D109532A25497A2200A67BC0 /* Observable_Project */ = {
			isa = PBXNativeTarget;
			buildConfigurationList = D109533F25497A2300A67BC0 /* Build configuration list for PBXNativeTarget "Observable_Project" */;
			buildPhases = (
				48FD6FC5DD2D1A544418EC74 /* [CP] Check Pods Manifest.lock */,
				D109532725497A2200A67BC0 /* Sources */,
				D109532825497A2200A67BC0 /* Frameworks */,
				D109532925497A2200A67BC0 /* Resources */,
				D2307D4E36B58219C12A9573 /* [CP] Embed Pods Frameworks */,
			);
			buildRules = (
			);
			dependencies = (
			);
			name = Observable_Project;
			productName = Observable_Project;
			productReference = D109532B25497A2200A67BC0 /* Observable_Project.app */;
			productType = "com.apple.product-type.application";
		};
/* End PBXNativeTarget section */

/* Begin PBXProject section */
		D109532325497A2200A67BC0 /* Project object */ = {
			isa = PBXProject;
			attributes = {
				LastSwiftUpdateCheck = 1200;
				LastUpgradeCheck = 1200;
				TargetAttributes = {
					D109532A25497A2200A67BC0 = {
						CreatedOnToolsVersion = 12.0;
					};
				};
			};
			buildConfigurationList = D109532625497A2200A67BC0 /* Build configuration list for PBXProject "Observable_Project" */;
			compatibilityVersion = "Xcode 9.3";
			developmentRegion = en;
			hasScannedForEncodings = 0;
			knownRegions = (
				en,
				Base,
			);
			mainGroup = D109532225497A2200A67BC0;
			productRefGroup = D109532C25497A2200A67BC0 /* Products */;
			projectDirPath = "";
			projectRoot = "";
			targets = (
				D109532A25497A2200A67BC0 /* Observable_Project */,
			);
		};
/* End PBXProject section */

/* Begin PBXResourcesBuildPhase section */
		D109532925497A2200A67BC0 /* Resources */ = {
			isa = PBXResourcesBuildPhase;
			buildActionMask = 2147483647;
			files = (
				D109533B25497A2300A67BC0 /* LaunchScreen.storyboard in Resources */,
				D109533825497A2300A67BC0 /* Assets.xcassets in Resources */,
				D109533625497A2200A67BC0 /* Main.storyboard in Resources */,
			);
			runOnlyForDeploymentPostprocessing = 0;
		};
/* End PBXResourcesBuildPhase section */

/* Begin PBXShellScriptBuildPhase section */
		48FD6FC5DD2D1A544418EC74 /* [CP] Check Pods Manifest.lock */ = {
			isa = PBXShellScriptBuildPhase;
			buildActionMask = 2147483647;
			files = (
			);
			inputFileListPaths = (
			);
			inputPaths = (
				"${PODS_PODFILE_DIR_PATH}/Podfile.lock",
				"${PODS_ROOT}/Manifest.lock",
			);
			name = "[CP] Check Pods Manifest.lock";
			outputFileListPaths = (
			);
			outputPaths = (
				"$(DERIVED_FILE_DIR)/Pods-Observable_Project-checkManifestLockResult.txt",
			);
			runOnlyForDeploymentPostprocessing = 0;
			shellPath = /bin/sh;
			shellScript = "diff \"${PODS_PODFILE_DIR_PATH}/Podfile.lock\" \"${PODS_ROOT}/Manifest.lock\" > /dev/null\nif [ $? != 0 ] ; then\n    # print error to STDERR\n    echo \"error: The sandbox is not in sync with the Podfile.lock. Run 'pod install' or update your CocoaPods installation.\" >&2\n    exit 1\nfi\n# This output is used by Xcode 'outputs' to avoid re-running this script phase.\necho \"SUCCESS\" > \"${SCRIPT_OUTPUT_FILE_0}\"\n";
			showEnvVarsInLog = 0;
		};
		D2307D4E36B58219C12A9573 /* [CP] Embed Pods Frameworks */ = {
			isa = PBXShellScriptBuildPhase;
			buildActionMask = 2147483647;
			files = (
			);
			inputFileListPaths = (
				"${PODS_ROOT}/Target Support Files/Pods-Observable_Project/Pods-Observable_Project-frameworks-${CONFIGURATION}-input-files.xcfilelist",
			);
			name = "[CP] Embed Pods Frameworks";
			outputFileListPaths = (
				"${PODS_ROOT}/Target Support Files/Pods-Observable_Project/Pods-Observable_Project-frameworks-${CONFIGURATION}-output-files.xcfilelist",
			);
			runOnlyForDeploymentPostprocessing = 0;
			shellPath = /bin/sh;
			shellScript = "\"${PODS_ROOT}/Target Support Files/Pods-Observable_Project/Pods-Observable_Project-frameworks.sh\"\n";
			showEnvVarsInLog = 0;
		};
/* End PBXShellScriptBuildPhase section */

/* Begin PBXSourcesBuildPhase section */
		D109532725497A2200A67BC0 /* Sources */ = {
			isa = PBXSourcesBuildPhase;
			buildActionMask = 2147483647;
			files = (
				D109533325497A2200A67BC0 /* ViewController.swift in Sources */,
				D109532F25497A2200A67BC0 /* AppDelegate.swift in Sources */,
				D109533125497A2200A67BC0 /* SceneDelegate.swift in Sources */,
			);
			runOnlyForDeploymentPostprocessing = 0;
		};
/* End PBXSourcesBuildPhase section */

/* Begin PBXVariantGroup section */
		D109533425497A2200A67BC0 /* Main.storyboard */ = {
			isa = PBXVariantGroup;
			children = (
				D109533525497A2200A67BC0 /* Base */,
			);
			name = Main.storyboard;
			sourceTree = "<group>";
		};
		D109533925497A2300A67BC0 /* LaunchScreen.storyboard */ = {
			isa = PBXVariantGroup;
			children = (
				D109533A25497A2300A67BC0 /* Base */,
			);
			name = LaunchScreen.storyboard;
			sourceTree = "<group>";
		};
/* End PBXVariantGroup section */

/* Begin XCBuildConfiguration section */
		D109533D25497A2300A67BC0 /* Debug */ = {
			isa = XCBuildConfiguration;
			buildSettings = {
				ALWAYS_SEARCH_USER_PATHS = NO;
				CLANG_ANALYZER_NONNULL = YES;
				CLANG_ANALYZER_NUMBER_OBJECT_CONVERSION = YES_AGGRESSIVE;
				CLANG_CXX_LANGUAGE_STANDARD = "gnu++14";
				CLANG_CXX_LIBRARY = "libc++";
				CLANG_ENABLE_MODULES = YES;
				CLANG_ENABLE_OBJC_ARC = YES;
				CLANG_ENABLE_OBJC_WEAK = YES;
				CLANG_WARN_BLOCK_CAPTURE_AUTORELEASING = YES;
				CLANG_WARN_BOOL_CONVERSION = YES;
				CLANG_WARN_COMMA = YES;
				CLANG_WARN_CONSTANT_CONVERSION = YES;
				CLANG_WARN_DEPRECATED_OBJC_IMPLEMENTATIONS = YES;
				CLANG_WARN_DIRECT_OBJC_ISA_USAGE = YES_ERROR;
				CLANG_WARN_DOCUMENTATION_COMMENTS = YES;
				CLANG_WARN_EMPTY_BODY = YES;
				CLANG_WARN_ENUM_CONVERSION = YES;
				CLANG_WARN_INFINITE_RECURSION = YES;
				CLANG_WARN_INT_CONVERSION = YES;
				CLANG_WARN_NON_LITERAL_NULL_CONVERSION = YES;
				CLANG_WARN_OBJC_IMPLICIT_RETAIN_SELF = YES;
				CLANG_WARN_OBJC_LITERAL_CONVERSION = YES;
				CLANG_WARN_OBJC_ROOT_CLASS = YES_ERROR;
				CLANG_WARN_QUOTED_INCLUDE_IN_FRAMEWORK_HEADER = YES;
				CLANG_WARN_RANGE_LOOP_ANALYSIS = YES;
				CLANG_WARN_STRICT_PROTOTYPES = YES;
				CLANG_WARN_SUSPICIOUS_MOVE = YES;
				CLANG_WARN_UNGUARDED_AVAILABILITY = YES_AGGRESSIVE;
				CLANG_WARN_UNREACHABLE_CODE = YES;
				CLANG_WARN__DUPLICATE_METHOD_MATCH = YES;
				COPY_PHASE_STRIP = NO;
				DEBUG_INFORMATION_FORMAT = dwarf;
				ENABLE_STRICT_OBJC_MSGSEND = YES;
				ENABLE_TESTABILITY = YES;
				GCC_C_LANGUAGE_STANDARD = gnu11;
				GCC_DYNAMIC_NO_PIC = NO;
				GCC_NO_COMMON_BLOCKS = YES;
				GCC_OPTIMIZATION_LEVEL = 0;
				GCC_PREPROCESSOR_DEFINITIONS = (
					"DEBUG=1",
					"$(inherited)",
				);
				GCC_WARN_64_TO_32_BIT_CONVERSION = YES;
				GCC_WARN_ABOUT_RETURN_TYPE = YES_ERROR;
				GCC_WARN_UNDECLARED_SELECTOR = YES;
				GCC_WARN_UNINITIALIZED_AUTOS = YES_AGGRESSIVE;
				GCC_WARN_UNUSED_FUNCTION = YES;
				GCC_WARN_UNUSED_VARIABLE = YES;
				IPHONEOS_DEPLOYMENT_TARGET = 14.0;
				MTL_ENABLE_DEBUG_INFO = INCLUDE_SOURCE;
				MTL_FAST_MATH = YES;
				ONLY_ACTIVE_ARCH = YES;
				SDKROOT = iphoneos;
				SWIFT_ACTIVE_COMPILATION_CONDITIONS = DEBUG;
				SWIFT_OPTIMIZATION_LEVEL = "-Onone";
			};
			name = Debug;
		};
		D109533E25497A2300A67BC0 /* Release */ = {
			isa = XCBuildConfiguration;
			buildSettings = {
				ALWAYS_SEARCH_USER_PATHS = NO;
				CLANG_ANALYZER_NONNULL = YES;
				CLANG_ANALYZER_NUMBER_OBJECT_CONVERSION = YES_AGGRESSIVE;
				CLANG_CXX_LANGUAGE_STANDARD = "gnu++14";
				CLANG_CXX_LIBRARY = "libc++";
				CLANG_ENABLE_MODULES = YES;
				CLANG_ENABLE_OBJC_ARC = YES;
				CLANG_ENABLE_OBJC_WEAK = YES;
				CLANG_WARN_BLOCK_CAPTURE_AUTORELEASING = YES;
				CLANG_WARN_BOOL_CONVERSION = YES;
				CLANG_WARN_COMMA = YES;
				CLANG_WARN_CONSTANT_CONVERSION = YES;
				CLANG_WARN_DEPRECATED_OBJC_IMPLEMENTATIONS = YES;
				CLANG_WARN_DIRECT_OBJC_ISA_USAGE = YES_ERROR;
				CLANG_WARN_DOCUMENTATION_COMMENTS = YES;
				CLANG_WARN_EMPTY_BODY = YES;
				CLANG_WARN_ENUM_CONVERSION = YES;
				CLANG_WARN_INFINITE_RECURSION = YES;
				CLANG_WARN_INT_CONVERSION = YES;
				CLANG_WARN_NON_LITERAL_NULL_CONVERSION = YES;
				CLANG_WARN_OBJC_IMPLICIT_RETAIN_SELF = YES;
				CLANG_WARN_OBJC_LITERAL_CONVERSION = YES;
				CLANG_WARN_OBJC_ROOT_CLASS = YES_ERROR;
				CLANG_WARN_QUOTED_INCLUDE_IN_FRAMEWORK_HEADER = YES;
				CLANG_WARN_RANGE_LOOP_ANALYSIS = YES;
				CLANG_WARN_STRICT_PROTOTYPES = YES;
				CLANG_WARN_SUSPICIOUS_MOVE = YES;
				CLANG_WARN_UNGUARDED_AVAILABILITY = YES_AGGRESSIVE;
				CLANG_WARN_UNREACHABLE_CODE = YES;
				CLANG_WARN__DUPLICATE_METHOD_MATCH = YES;
				COPY_PHASE_STRIP = NO;
				DEBUG_INFORMATION_FORMAT = "dwarf-with-dsym";
				ENABLE_NS_ASSERTIONS = NO;
				ENABLE_STRICT_OBJC_MSGSEND = YES;
				GCC_C_LANGUAGE_STANDARD = gnu11;
				GCC_NO_COMMON_BLOCKS = YES;
				GCC_WARN_64_TO_32_BIT_CONVERSION = YES;
				GCC_WARN_ABOUT_RETURN_TYPE = YES_ERROR;
				GCC_WARN_UNDECLARED_SELECTOR = YES;
				GCC_WARN_UNINITIALIZED_AUTOS = YES_AGGRESSIVE;
				GCC_WARN_UNUSED_FUNCTION = YES;
				GCC_WARN_UNUSED_VARIABLE = YES;
				IPHONEOS_DEPLOYMENT_TARGET = 14.0;
				MTL_ENABLE_DEBUG_INFO = NO;
				MTL_FAST_MATH = YES;
				SDKROOT = iphoneos;
				SWIFT_COMPILATION_MODE = wholemodule;
				SWIFT_OPTIMIZATION_LEVEL = "-O";
				VALIDATE_PRODUCT = YES;
			};
			name = Release;
		};
		D109534025497A2300A67BC0 /* Debug */ = {
			isa = XCBuildConfiguration;
			baseConfigurationReference = 456E5ADFD9452C2F84962F2D /* Pods-Observable_Project.debug.xcconfig */;
			buildSettings = {
				ASSETCATALOG_COMPILER_APPICON_NAME = AppIcon;
				ASSETCATALOG_COMPILER_GLOBAL_ACCENT_COLOR_NAME = AccentColor;
				CODE_SIGN_STYLE = Automatic;
				DEVELOPMENT_TEAM = 269D672VZ4;
				INFOPLIST_FILE = Observable_Project/Info.plist;
				LD_RUNPATH_SEARCH_PATHS = (
					"$(inherited)",
					"@executable_path/Frameworks",
				);
				PRODUCT_BUNDLE_IDENTIFIER = "com.soyounglee.obseravbles.Observable-Project";
				PRODUCT_NAME = "$(TARGET_NAME)";
				SWIFT_VERSION = 5.0;
				TARGETED_DEVICE_FAMILY = "1,2";
			};
			name = Debug;
		};
		D109534125497A2300A67BC0 /* Release */ = {
			isa = XCBuildConfiguration;
			baseConfigurationReference = 0BDF698E4A173B4D49E60C39 /* Pods-Observable_Project.release.xcconfig */;
			buildSettings = {
				ASSETCATALOG_COMPILER_APPICON_NAME = AppIcon;
				ASSETCATALOG_COMPILER_GLOBAL_ACCENT_COLOR_NAME = AccentColor;
				CODE_SIGN_STYLE = Automatic;
				DEVELOPMENT_TEAM = 269D672VZ4;
				INFOPLIST_FILE = Observable_Project/Info.plist;
				LD_RUNPATH_SEARCH_PATHS = (
					"$(inherited)",
					"@executable_path/Frameworks",
				);
				PRODUCT_BUNDLE_IDENTIFIER = "com.soyounglee.obseravbles.Observable-Project";
				PRODUCT_NAME = "$(TARGET_NAME)";
				SWIFT_VERSION = 5.0;
				TARGETED_DEVICE_FAMILY = "1,2";
			};
			name = Release;
		};
/* End XCBuildConfiguration section */

/* Begin XCConfigurationList section */
		D109532625497A2200A67BC0 /* Build configuration list for PBXProject "Observable_Project" */ = {
			isa = XCConfigurationList;
			buildConfigurations = (
				D109533D25497A2300A67BC0 /* Debug */,
				D109533E25497A2300A67BC0 /* Release */,
			);
			defaultConfigurationIsVisible = 0;
			defaultConfigurationName = Release;
		};
		D109533F25497A2300A67BC0 /* Build configuration list for PBXNativeTarget "Observable_Project" */ = {
			isa = XCConfigurationList;
			buildConfigurations = (
				D109534025497A2300A67BC0 /* Debug */,
				D109534125497A2300A67BC0 /* Release */,
			);
			defaultConfigurationIsVisible = 0;
			defaultConfigurationName = Release;
		};
/* End XCConfigurationList section */
	};
	rootObject = D109532325497A2200A67BC0 /* Project object */;
}
